
Microsoft Visual Studio Solution File, Format Version 12.00
# Visual Studio Version 17
VisualStudioVersion = 17.3.32922.545
MinimumVisualStudioVersion = 15.0.26124.0
Project("{9A19103F-16F7-4668-BE54-9A1E7A4F7556}") = "logger", "logger\logger.csproj", "{6407AED2-1340-490D-AEE5-DBD6BEB3EE21}"
EndProject
Project("{9A19103F-16F7-4668-BE54-9A1E7A4F7556}") = "test-logger", "test-logger\test-logger.csproj", "{69B8A8A7-A07F-44C3-963F-4888E351621C}"
EndProject
Project("{FAE04EC0-301F-11D3-BF4B-00C04F79EFBC}") = "LoggerAPI", "LoggerAPI\LoggerAPI.csproj", "{094FA116-0C77-431A-8D1F-3E8E220AE887}"
EndProject
Global
	GlobalSection(SolutionConfigurationPlatforms) = preSolution
		Debug|Any CPU = Debug|Any CPU
		Debug|x64 = Debug|x64
		Debug|x86 = Debug|x86
		Release|Any CPU = Release|Any CPU
		Release|x64 = Release|x64
		Release|x86 = Release|x86
	EndGlobalSection
	GlobalSection(ProjectConfigurationPlatforms) = postSolution
		{6407AED2-1340-490D-AEE5-DBD6BEB3EE21}.Debug|Any CPU.ActiveCfg = Debug|Any CPU
		{6407AED2-1340-490D-AEE5-DBD6BEB3EE21}.Debug|Any CPU.Build.0 = Debug|Any CPU
		{6407AED2-1340-490D-AEE5-DBD6BEB3EE21}.Debug|x64.ActiveCfg = Debug|Any CPU
		{6407AED2-1340-490D-AEE5-DBD6BEB3EE21}.Debug|x64.Build.0 = Debug|Any CPU
		{6407AED2-1340-490D-AEE5-DBD6BEB3EE21}.Debug|x86.ActiveCfg = Debug|Any CPU
		{6407AED2-1340-490D-AEE5-DBD6BEB3EE21}.Debug|x86.Build.0 = Debug|Any CPU
		{6407AED2-1340-490D-AEE5-DBD6BEB3EE21}.Release|Any CPU.ActiveCfg = Release|Any CPU
		{6407AED2-1340-490D-AEE5-DBD6BEB3EE21}.Release|Any CPU.Build.0 = Release|Any CPU
		{6407AED2-1340-490D-AEE5-DBD6BEB3EE21}.Release|x64.ActiveCfg = Release|Any CPU
		{6407AED2-1340-490D-AEE5-DBD6BEB3EE21}.Release|x64.Build.0 = Release|Any CPU
		{6407AED2-1340-490D-AEE5-DBD6BEB3EE21}.Release|x86.ActiveCfg = Release|Any CPU
		{6407AED2-1340-490D-AEE5-DBD6BEB3EE21}.Release|x86.Build.0 = Release|Any CPU
		{69B8A8A7-A07F-44C3-963F-4888E351621C}.Debug|Any CPU.ActiveCfg = Debug|Any CPU
		{69B8A8A7-A07F-44C3-963F-4888E351621C}.Debug|Any CPU.Build.0 = Debug|Any CPU
		{69B8A8A7-A07F-44C3-963F-4888E351621C}.Debug|x64.ActiveCfg = Debug|Any CPU
		{69B8A8A7-A07F-44C3-963F-4888E351621C}.Debug|x64.Build.0 = Debug|Any CPU
		{69B8A8A7-A07F-44C3-963F-4888E351621C}.Debug|x86.ActiveCfg = Debug|Any CPU
		{69B8A8A7-A07F-44C3-963F-4888E351621C}.Debug|x86.Build.0 = Debug|Any CPU
		{69B8A8A7-A07F-44C3-963F-4888E351621C}.Release|Any CPU.ActiveCfg = Release|Any CPU
		{69B8A8A7-A07F-44C3-963F-4888E351621C}.Release|Any CPU.Build.0 = Release|Any CPU
		{69B8A8A7-A07F-44C3-963F-4888E351621C}.Release|x64.ActiveCfg = Release|Any CPU
		{69B8A8A7-A07F-44C3-963F-4888E351621C}.Release|x64.Build.0 = Release|Any CPU
		{69B8A8A7-A07F-44C3-963F-4888E351621C}.Release|x86.ActiveCfg = Release|Any CPU
		{69B8A8A7-A07F-44C3-963F-4888E351621C}.Release|x86.Build.0 = Release|Any CPU
		{094FA116-0C77-431A-8D1F-3E8E220AE887}.Debug|Any CPU.ActiveCfg = Debug|Any CPU
		{094FA116-0C77-431A-8D1F-3E8E220AE887}.Debug|Any CPU.Build.0 = Debug|Any CPU
		{094FA116-0C77-431A-8D1F-3E8E220AE887}.Debug|x64.ActiveCfg = Debug|Any CPU
		{094FA116-0C77-431A-8D1F-3E8E220AE887}.Debug|x64.Build.0 = Debug|Any CPU
		{094FA116-0C77-431A-8D1F-3E8E220AE887}.Debug|x86.ActiveCfg = Debug|Any CPU
		{094FA116-0C77-431A-8D1F-3E8E220AE887}.Debug|x86.Build.0 = Debug|Any CPU
		{094FA116-0C77-431A-8D1F-3E8E220AE887}.Release|Any CPU.ActiveCfg = Release|Any CPU
		{094FA116-0C77-431A-8D1F-3E8E220AE887}.Release|Any CPU.Build.0 = Release|Any CPU
		{094FA116-0C77-431A-8D1F-3E8E220AE887}.Release|x64.ActiveCfg = Release|Any CPU
		{094FA116-0C77-431A-8D1F-3E8E220AE887}.Release|x64.Build.0 = Release|Any CPU
		{094FA116-0C77-431A-8D1F-3E8E220AE887}.Release|x86.ActiveCfg = Release|Any CPU
		{094FA116-0C77-431A-8D1F-3E8E220AE887}.Release|x86.Build.0 = Release|Any CPU
	EndGlobalSection
	GlobalSection(SolutionProperties) = preSolution
		HideSolutionNode = FALSE
	EndGlobalSection
	GlobalSection(ExtensibilityGlobals) = postSolution
		SolutionGuid = {BE28D683-11C7-48FC-9353-B600E63745A0}
	EndGlobalSection
EndGlobal
